
Microsoft Visual Studio Solution File, Format Version 12.00
# Visual Studio Version 16
VisualStudioVersion = 16.0.30717.126
MinimumVisualStudioVersion = 10.0.40219.1
Project("{FAE04EC0-301F-11D3-BF4B-00C04F79EFBC}") = "BookStore", "BookStore\BookStore.csproj", "{13D5A228-589E-4DD5-97B3-E1D65D161A2C}"
EndProject
Global
	GlobalSection(SolutionConfigurationPlatforms) = preSolution
		Debug|Any CPU = Debug|Any CPU
		Release|Any CPU = Release|Any CPU
	EndGlobalSection
	GlobalSection(ProjectConfigurationPlatforms) = postSolution
		{13D5A228-589E-4DD5-97B3-E1D65D161A2C}.Debug|Any CPU.ActiveCfg = Debug|Any CPU
		{13D5A228-589E-4DD5-97B3-E1D65D161A2C}.Debug|Any CPU.Build.0 = Debug|Any CPU
		{13D5A228-589E-4DD5-97B3-E1D65D161A2C}.Release|Any CPU.ActiveCfg = Release|Any CPU
		{13D5A228-589E-4DD5-97B3-E1D65D161A2C}.Release|Any CPU.Build.0 = Release|Any CPU
	EndGlobalSection
	GlobalSection(SolutionProperties) = preSolution
		HideSolutionNode = FALSE
	EndGlobalSection
	GlobalSection(ExtensibilityGlobals) = postSolution
		SolutionGuid = {EB63EEE3-40A5-40CC-80C9-920557EB7B6A}
	EndGlobalSection
EndGlobal
