
Microsoft Visual Studio Solution File, Format Version 12.00
# Visual Studio Version 16
VisualStudioVersion = 16.0.30717.126
MinimumVisualStudioVersion = 10.0.40219.1
Project("{9A19103F-16F7-4668-BE54-9A1E7A4F7556}") = "BookStore", "BookStore\BookStore.csproj", "{13D5A228-589E-4DD5-97B3-E1D65D161A2C}"
EndProject
Project("{9A19103F-16F7-4668-BE54-9A1E7A4F7556}") = "BusinessLayer", "BusinessLayer\BusinessLayer.csproj", "{3B1BD6FE-6CE7-402F-8AFE-F0D183B99F6E}"
EndProject
Project("{9A19103F-16F7-4668-BE54-9A1E7A4F7556}") = "RepositoryLayer", "RepositoryLayer\RepositoryLayer.csproj", "{4EB9F79D-5B3F-4780-AC17-FAD7C83C362A}"
EndProject
Project("{9A19103F-16F7-4668-BE54-9A1E7A4F7556}") = "ModelLayer", "ModelLayer\ModelLayer.csproj", "{7248F17D-9D10-41C3-8CFF-5ACC692FB4AE}"
EndProject
Project("{FAE04EC0-301F-11D3-BF4B-00C04F79EFBC}") = "TokenAuthorization", "TokenAuthorization\TokenAuthorization.csproj", "{E8BB59B0-6EA0-460A-ACF3-71567FADE34F}"
EndProject
Global
	GlobalSection(SolutionConfigurationPlatforms) = preSolution
		Debug|Any CPU = Debug|Any CPU
		Release|Any CPU = Release|Any CPU
	EndGlobalSection
	GlobalSection(ProjectConfigurationPlatforms) = postSolution
		{13D5A228-589E-4DD5-97B3-E1D65D161A2C}.Debug|Any CPU.ActiveCfg = Debug|Any CPU
		{13D5A228-589E-4DD5-97B3-E1D65D161A2C}.Debug|Any CPU.Build.0 = Debug|Any CPU
		{13D5A228-589E-4DD5-97B3-E1D65D161A2C}.Release|Any CPU.ActiveCfg = Release|Any CPU
		{13D5A228-589E-4DD5-97B3-E1D65D161A2C}.Release|Any CPU.Build.0 = Release|Any CPU
		{3B1BD6FE-6CE7-402F-8AFE-F0D183B99F6E}.Debug|Any CPU.ActiveCfg = Debug|Any CPU
		{3B1BD6FE-6CE7-402F-8AFE-F0D183B99F6E}.Debug|Any CPU.Build.0 = Debug|Any CPU
		{3B1BD6FE-6CE7-402F-8AFE-F0D183B99F6E}.Release|Any CPU.ActiveCfg = Release|Any CPU
		{3B1BD6FE-6CE7-402F-8AFE-F0D183B99F6E}.Release|Any CPU.Build.0 = Release|Any CPU
		{4EB9F79D-5B3F-4780-AC17-FAD7C83C362A}.Debug|Any CPU.ActiveCfg = Debug|Any CPU
		{4EB9F79D-5B3F-4780-AC17-FAD7C83C362A}.Debug|Any CPU.Build.0 = Debug|Any CPU
		{4EB9F79D-5B3F-4780-AC17-FAD7C83C362A}.Release|Any CPU.ActiveCfg = Release|Any CPU
		{4EB9F79D-5B3F-4780-AC17-FAD7C83C362A}.Release|Any CPU.Build.0 = Release|Any CPU
		{7248F17D-9D10-41C3-8CFF-5ACC692FB4AE}.Debug|Any CPU.ActiveCfg = Debug|Any CPU
		{7248F17D-9D10-41C3-8CFF-5ACC692FB4AE}.Debug|Any CPU.Build.0 = Debug|Any CPU
		{7248F17D-9D10-41C3-8CFF-5ACC692FB4AE}.Release|Any CPU.ActiveCfg = Release|Any CPU
		{7248F17D-9D10-41C3-8CFF-5ACC692FB4AE}.Release|Any CPU.Build.0 = Release|Any CPU
		{E8BB59B0-6EA0-460A-ACF3-71567FADE34F}.Debug|Any CPU.ActiveCfg = Debug|Any CPU
		{E8BB59B0-6EA0-460A-ACF3-71567FADE34F}.Debug|Any CPU.Build.0 = Debug|Any CPU
		{E8BB59B0-6EA0-460A-ACF3-71567FADE34F}.Release|Any CPU.ActiveCfg = Release|Any CPU
		{E8BB59B0-6EA0-460A-ACF3-71567FADE34F}.Release|Any CPU.Build.0 = Release|Any CPU
	EndGlobalSection
	GlobalSection(SolutionProperties) = preSolution
		HideSolutionNode = FALSE
	EndGlobalSection
	GlobalSection(ExtensibilityGlobals) = postSolution
		SolutionGuid = {EB63EEE3-40A5-40CC-80C9-920557EB7B6A}
	EndGlobalSection
EndGlobal
